
Microsoft Visual Studio Solution File, Format Version 12.00
# Visual Studio Version 17
VisualStudioVersion = 17.10.35201.131
MinimumVisualStudioVersion = 10.0.40219.1
Project("{9A19103F-16F7-4668-BE54-9A1E7A4F7556}") = "CarrinhoAPI", "CarrinhoAPI.csproj", "{BCA5EC75-215B-4816-BC4B-453F9CD4D059}"
EndProject
Project("{9A19103F-16F7-4668-BE54-9A1E7A4F7556}") = "Carrinho WEB APP", "..\CARRINHO APP  WEB\V1\Carrinho WEB APP\Carrinho WEB APP.csproj", "{1C426DF2-3A0F-4127-AE83-65FC3448ADF5}"
EndProject
Project("{FAE04EC0-301F-11D3-BF4B-00C04F79EFBC}") = "APP DO CARRINHO", "..\APP CARRINHO - WF\APP DO CARRINHO\APP DO CARRINHO.csproj", "{DAC16047-47BC-4092-96B2-4E299608D979}"
EndProject
Project("{FAE04EC0-301F-11D3-BF4B-00C04F79EFBC}") = "AppCarrinhoWFBiblioteca", "..\APP CARRINHO - WF\AppCarrinhoWFBiblioteca\AppCarrinhoWFBiblioteca.csproj", "{AB0B9D19-51AB-4F1B-B6C1-84F1EB536976}"
EndProject
Project("{2150E333-8FDC-42A3-9474-1A3956D46DE8}") = "APP WF", "APP WF", "{F6E9CC9E-1614-47CE-9D65-FF42944BCA14}"
EndProject
Project("{FAE04EC0-301F-11D3-BF4B-00C04F79EFBC}") = "DataBase", "..\APP CARRINHO - WF\banco.DAL\DataBase.csproj", "{1AB0CCC1-1D26-436A-A71E-B0A2DCB0A1EE}"
EndProject
Global
	GlobalSection(SolutionConfigurationPlatforms) = preSolution
		Debug|Any CPU = Debug|Any CPU
		Release|Any CPU = Release|Any CPU
	EndGlobalSection
	GlobalSection(ProjectConfigurationPlatforms) = postSolution
		{BCA5EC75-215B-4816-BC4B-453F9CD4D059}.Debug|Any CPU.ActiveCfg = Debug|Any CPU
		{BCA5EC75-215B-4816-BC4B-453F9CD4D059}.Debug|Any CPU.Build.0 = Debug|Any CPU
		{BCA5EC75-215B-4816-BC4B-453F9CD4D059}.Release|Any CPU.ActiveCfg = Release|Any CPU
		{BCA5EC75-215B-4816-BC4B-453F9CD4D059}.Release|Any CPU.Build.0 = Release|Any CPU
		{1C426DF2-3A0F-4127-AE83-65FC3448ADF5}.Debug|Any CPU.ActiveCfg = Debug|Any CPU
		{1C426DF2-3A0F-4127-AE83-65FC3448ADF5}.Debug|Any CPU.Build.0 = Debug|Any CPU
		{1C426DF2-3A0F-4127-AE83-65FC3448ADF5}.Release|Any CPU.ActiveCfg = Release|Any CPU
		{1C426DF2-3A0F-4127-AE83-65FC3448ADF5}.Release|Any CPU.Build.0 = Release|Any CPU
		{DAC16047-47BC-4092-96B2-4E299608D979}.Debug|Any CPU.ActiveCfg = Debug|Any CPU
		{DAC16047-47BC-4092-96B2-4E299608D979}.Debug|Any CPU.Build.0 = Debug|Any CPU
		{DAC16047-47BC-4092-96B2-4E299608D979}.Release|Any CPU.ActiveCfg = Release|Any CPU
		{DAC16047-47BC-4092-96B2-4E299608D979}.Release|Any CPU.Build.0 = Release|Any CPU
		{AB0B9D19-51AB-4F1B-B6C1-84F1EB536976}.Debug|Any CPU.ActiveCfg = Debug|Any CPU
		{AB0B9D19-51AB-4F1B-B6C1-84F1EB536976}.Debug|Any CPU.Build.0 = Debug|Any CPU
		{AB0B9D19-51AB-4F1B-B6C1-84F1EB536976}.Release|Any CPU.ActiveCfg = Release|Any CPU
		{AB0B9D19-51AB-4F1B-B6C1-84F1EB536976}.Release|Any CPU.Build.0 = Release|Any CPU
		{1AB0CCC1-1D26-436A-A71E-B0A2DCB0A1EE}.Debug|Any CPU.ActiveCfg = Debug|Any CPU
		{1AB0CCC1-1D26-436A-A71E-B0A2DCB0A1EE}.Debug|Any CPU.Build.0 = Debug|Any CPU
		{1AB0CCC1-1D26-436A-A71E-B0A2DCB0A1EE}.Release|Any CPU.ActiveCfg = Release|Any CPU
		{1AB0CCC1-1D26-436A-A71E-B0A2DCB0A1EE}.Release|Any CPU.Build.0 = Release|Any CPU
	EndGlobalSection
	GlobalSection(SolutionProperties) = preSolution
		HideSolutionNode = FALSE
	EndGlobalSection
	GlobalSection(NestedProjects) = preSolution
		{DAC16047-47BC-4092-96B2-4E299608D979} = {F6E9CC9E-1614-47CE-9D65-FF42944BCA14}
		{AB0B9D19-51AB-4F1B-B6C1-84F1EB536976} = {F6E9CC9E-1614-47CE-9D65-FF42944BCA14}
		{1AB0CCC1-1D26-436A-A71E-B0A2DCB0A1EE} = {F6E9CC9E-1614-47CE-9D65-FF42944BCA14}
	EndGlobalSection
	GlobalSection(ExtensibilityGlobals) = postSolution
		SolutionGuid = {356D1A28-7442-4EB1-9B0E-CE0C380F3548}
	EndGlobalSection
EndGlobal
